# THIS IS AN AUTOGENERATED FILE. DO NOT EDIT THIS FILE DIRECTLY.
# yarn lockfile v1


"@hotwired/stimulus@^3.2.2":
  version "3.2.2"
  resolved "https://registry.npmjs.org/@hotwired/stimulus/-/stimulus-3.2.2.tgz"
  integrity sha512-eGeIqNOQpXoPAIP7tC1+1Yc1yl1xnwYqg+3mzqxyrbE5pg5YFBZcA6YoTiByJB6DKAEsiWtl6tjTJS4IYtbB7A==

controllers@^0.0.2:
  version "0.0.2"
  resolved "https://registry.npmjs.org/controllers/-/controllers-0.0.2.tgz"
  integrity sha512-Xhe4m8rr1reyM9jHIxaJQMR/P7ItoXvYhqFATht/5XMWcuONaFbYUNnV7/6WxR58uc+d4OHU9rLuKYK+5KUopw==

webcamjs@^1.0.26:
  version "1.0.26"
  resolved "https://registry.npmjs.org/webcamjs/-/webcamjs-1.0.26.tgz"
  integrity sha512-ruUdzb7MV4QUxO1TfIdAjzeEhB8+Y1GY6HhQTytij+rB98972XZ+mbMUGrjBvWRb975loKjqgELdYjVNMNRfFQ==
